
Microsoft Visual Studio Solution File, Format Version 12.00
# Visual Studio Version 17
VisualStudioVersion = 17.14.37216.2 d17.14
MinimumVisualStudioVersion = 10.0.40219.1
Project("{FAE04EC0-301F-11D3-BF4B-00C04F79EFBC}") = "Advanced_Employee_Management_System", "Advanced_Employee_Management_System\Advanced_Employee_Management_System.csproj", "{D6B91028-C001-4F92-AA02-3456D46CCF50}"
EndProject
Global
	GlobalSection(SolutionConfigurationPlatforms) = preSolution
		Debug|Any CPU = Debug|Any CPU
		Release|Any CPU = Release|Any CPU
	EndGlobalSection
	GlobalSection(ProjectConfigurationPlatforms) = postSolution
		{D6B91028-C001-4F92-AA02-3456D46CCF50}.Debug|Any CPU.ActiveCfg = Debug|Any CPU
		{D6B91028-C001-4F92-AA02-3456D46CCF50}.Debug|Any CPU.Build.0 = Debug|Any CPU
		{D6B91028-C001-4F92-AA02-3456D46CCF50}.Release|Any CPU.ActiveCfg = Release|Any CPU
		{D6B91028-C001-4F92-AA02-3456D46CCF50}.Release|Any CPU.Build.0 = Release|Any CPU
	EndGlobalSection
	GlobalSection(SolutionProperties) = preSolution
		HideSolutionNode = FALSE
	EndGlobalSection
	GlobalSection(ExtensibilityGlobals) = postSolution
		SolutionGuid = {41229959-24C6-4775-8DD2-BE0ACA979163}
	EndGlobalSection
EndGlobal
